
Microsoft Visual Studio Solution File, Format Version 12.00
# Visual Studio Version 16
VisualStudioVersion = 16.0.32002.261
MinimumVisualStudioVersion = 10.0.40219.1
Project("{FAE04EC0-301F-11D3-BF4B-00C04F79EFBC}") = "If_Else_CSharp-07", "If_Else_CSharp-07\If_Else_CSharp-07.csproj", "{541F344D-DB1B-487E-AAFC-FDC01E83A13F}"
EndProject
Global
	GlobalSection(SolutionConfigurationPlatforms) = preSolution
		Debug|Any CPU = Debug|Any CPU
		Release|Any CPU = Release|Any CPU
	EndGlobalSection
	GlobalSection(ProjectConfigurationPlatforms) = postSolution
		{541F344D-DB1B-487E-AAFC-FDC01E83A13F}.Debug|Any CPU.ActiveCfg = Debug|Any CPU
		{541F344D-DB1B-487E-AAFC-FDC01E83A13F}.Debug|Any CPU.Build.0 = Debug|Any CPU
		{541F344D-DB1B-487E-AAFC-FDC01E83A13F}.Release|Any CPU.ActiveCfg = Release|Any CPU
		{541F344D-DB1B-487E-AAFC-FDC01E83A13F}.Release|Any CPU.Build.0 = Release|Any CPU
	EndGlobalSection
	GlobalSection(SolutionProperties) = preSolution
		HideSolutionNode = FALSE
	EndGlobalSection
	GlobalSection(ExtensibilityGlobals) = postSolution
		SolutionGuid = {041E2966-352D-4986-8F7B-2D5194680167}
	EndGlobalSection
EndGlobal
